
Microsoft Visual Studio Solution File, Format Version 12.00
# Visual Studio 14
VisualStudioVersion = 14.0.23107.0
MinimumVisualStudioVersion = 10.0.40219.1
Project("{FAE04EC0-301F-11D3-BF4B-00C04F79EFBC}") = "ToolshedApp", "ToolshedApp\ToolshedApp.csproj", "{4EB3291D-20E4-49C6-B72D-81B3A752554E}"
EndProject
Project("{FAE04EC0-301F-11D3-BF4B-00C04F79EFBC}") = "ToolshedApp.Tests", "ToolshedApp.Tests\ToolshedApp.Tests.csproj", "{C1DBDE99-CA89-4A2E-BA33-B13707E1301F}"
EndProject
Global
	GlobalSection(SolutionConfigurationPlatforms) = preSolution
		Debug|Any CPU = Debug|Any CPU
		Release|Any CPU = Release|Any CPU
	EndGlobalSection
	GlobalSection(ProjectConfigurationPlatforms) = postSolution
		{4EB3291D-20E4-49C6-B72D-81B3A752554E}.Debug|Any CPU.ActiveCfg = Debug|Any CPU
		{4EB3291D-20E4-49C6-B72D-81B3A752554E}.Debug|Any CPU.Build.0 = Debug|Any CPU
		{4EB3291D-20E4-49C6-B72D-81B3A752554E}.Release|Any CPU.ActiveCfg = Release|Any CPU
		{4EB3291D-20E4-49C6-B72D-81B3A752554E}.Release|Any CPU.Build.0 = Release|Any CPU
		{C1DBDE99-CA89-4A2E-BA33-B13707E1301F}.Debug|Any CPU.ActiveCfg = Debug|Any CPU
		{C1DBDE99-CA89-4A2E-BA33-B13707E1301F}.Debug|Any CPU.Build.0 = Debug|Any CPU
		{C1DBDE99-CA89-4A2E-BA33-B13707E1301F}.Release|Any CPU.ActiveCfg = Release|Any CPU
		{C1DBDE99-CA89-4A2E-BA33-B13707E1301F}.Release|Any CPU.Build.0 = Release|Any CPU
	EndGlobalSection
	GlobalSection(SolutionProperties) = preSolution
		HideSolutionNode = FALSE
	EndGlobalSection
EndGlobal
